
Microsoft Visual Studio Solution File, Format Version 12.00
# Visual Studio Version 16
VisualStudioVersion = 16.0.28606.126
MinimumVisualStudioVersion = 10.0.40219.1
Project("{FAE04EC0-301F-11D3-BF4B-00C04F79EFBC}") = "Mercurius.Architecture.ExploreApp", "Mercurius.Architecture.ExploreApp\Mercurius.Architecture.ExploreApp.csproj", "{4D12FDC3-7E71-46A4-8556-D4CA90AFD764}"
EndProject
Project("{2150E333-8FDC-42A3-9474-1A3956D46DE8}") = "基础", "基础", "{3B626C0E-B6D4-4214-8A16-6C2E9E90436F}"
EndProject
Project("{FAE04EC0-301F-11D3-BF4B-00C04F79EFBC}") = "Mercurius.Prime.Core", "..\..\基础\Mercurius.Prime.Core\Mercurius.Prime.Core.csproj", "{5B236DA6-7A5A-48E8-813E-5745B0E50D65}"
EndProject
Project("{FAE04EC0-301F-11D3-BF4B-00C04F79EFBC}") = "Mercurius.Prime.Data", "..\..\基础\Mercurius.Prime.Data\Mercurius.Prime.Data.csproj", "{784654C8-CC89-4ADF-BB00-1E0085C768DD}"
EndProject
Project("{FAE04EC0-301F-11D3-BF4B-00C04F79EFBC}") = "Mercurius.Prime.Boot", "..\..\基础\Mercurius.Prime.IoC\Mercurius.Prime.Boot.csproj", "{056C5E07-4DF9-41EF-8E85-FCA0544A30D0}"
EndProject
Global
	GlobalSection(SolutionConfigurationPlatforms) = preSolution
		Debug|Any CPU = Debug|Any CPU
		Release|Any CPU = Release|Any CPU
	EndGlobalSection
	GlobalSection(ProjectConfigurationPlatforms) = postSolution
		{4D12FDC3-7E71-46A4-8556-D4CA90AFD764}.Debug|Any CPU.ActiveCfg = Debug|Any CPU
		{4D12FDC3-7E71-46A4-8556-D4CA90AFD764}.Debug|Any CPU.Build.0 = Debug|Any CPU
		{4D12FDC3-7E71-46A4-8556-D4CA90AFD764}.Release|Any CPU.ActiveCfg = Release|Any CPU
		{4D12FDC3-7E71-46A4-8556-D4CA90AFD764}.Release|Any CPU.Build.0 = Release|Any CPU
		{5B236DA6-7A5A-48E8-813E-5745B0E50D65}.Debug|Any CPU.ActiveCfg = Debug|Any CPU
		{5B236DA6-7A5A-48E8-813E-5745B0E50D65}.Debug|Any CPU.Build.0 = Debug|Any CPU
		{5B236DA6-7A5A-48E8-813E-5745B0E50D65}.Release|Any CPU.ActiveCfg = Release|Any CPU
		{5B236DA6-7A5A-48E8-813E-5745B0E50D65}.Release|Any CPU.Build.0 = Release|Any CPU
		{784654C8-CC89-4ADF-BB00-1E0085C768DD}.Debug|Any CPU.ActiveCfg = Debug|Any CPU
		{784654C8-CC89-4ADF-BB00-1E0085C768DD}.Debug|Any CPU.Build.0 = Debug|Any CPU
		{784654C8-CC89-4ADF-BB00-1E0085C768DD}.Release|Any CPU.ActiveCfg = Release|Any CPU
		{784654C8-CC89-4ADF-BB00-1E0085C768DD}.Release|Any CPU.Build.0 = Release|Any CPU
		{056C5E07-4DF9-41EF-8E85-FCA0544A30D0}.Debug|Any CPU.ActiveCfg = Debug|Any CPU
		{056C5E07-4DF9-41EF-8E85-FCA0544A30D0}.Debug|Any CPU.Build.0 = Debug|Any CPU
		{056C5E07-4DF9-41EF-8E85-FCA0544A30D0}.Release|Any CPU.ActiveCfg = Release|Any CPU
		{056C5E07-4DF9-41EF-8E85-FCA0544A30D0}.Release|Any CPU.Build.0 = Release|Any CPU
	EndGlobalSection
	GlobalSection(SolutionProperties) = preSolution
		HideSolutionNode = FALSE
	EndGlobalSection
	GlobalSection(NestedProjects) = preSolution
		{5B236DA6-7A5A-48E8-813E-5745B0E50D65} = {3B626C0E-B6D4-4214-8A16-6C2E9E90436F}
		{784654C8-CC89-4ADF-BB00-1E0085C768DD} = {3B626C0E-B6D4-4214-8A16-6C2E9E90436F}
		{056C5E07-4DF9-41EF-8E85-FCA0544A30D0} = {3B626C0E-B6D4-4214-8A16-6C2E9E90436F}
	EndGlobalSection
	GlobalSection(ExtensibilityGlobals) = postSolution
		SolutionGuid = {6DF28CE8-0BD9-4341-B141-E74CB08EE037}
	EndGlobalSection
EndGlobal
