
Microsoft Visual Studio Solution File, Format Version 12.00
# Visual Studio Version 16
VisualStudioVersion = 16.0.28606.126
MinimumVisualStudioVersion = 10.0.40219.1
Project("{FAE04EC0-301F-11D3-BF4B-00C04F79EFBC}") = "Mercurius.CodeBuilder.Core", "CodeBuilder\Mercurius.CodeBuilder.Core\Mercurius.CodeBuilder.Core.csproj", "{62379B2C-78EE-488C-AF19-635319117678}"
EndProject
Project("{FAE04EC0-301F-11D3-BF4B-00C04F79EFBC}") = "Mercurius.CodeBuilder.CSharp", "CodeBuilder\Mercurius.CodeBuilder.CSharp\Mercurius.CodeBuilder.CSharp.csproj", "{25FD5C87-07CC-41DF-8DCD-DB28A8D89CD2}"
EndProject
Project("{FAE04EC0-301F-11D3-BF4B-00C04F79EFBC}") = "Mercurius.CodeBuilder.DbMetadata", "CodeBuilder\Mercurius.CodeBuilder.DbMetadata\Mercurius.CodeBuilder.DbMetadata.csproj", "{E06C7D09-F050-4734-88E2-61D8D7E53B93}"
EndProject
Project("{FAE04EC0-301F-11D3-BF4B-00C04F79EFBC}") = "Mercurius.CodeBuilder.UI", "CodeBuilder\Mercurius.CodeBuilder.UI\Mercurius.CodeBuilder.UI.csproj", "{8798F336-D1A2-489A-9182-4C31F8876D62}"
EndProject
Project("{2150E333-8FDC-42A3-9474-1A3956D46DE8}") = "基础", "基础", "{91BD7B99-8281-4565-BC08-EE9BF3E90CA3}"
EndProject
Project("{FAE04EC0-301F-11D3-BF4B-00C04F79EFBC}") = "Mercurius.Prime.Core", "基础\Mercurius.Prime.Core\Mercurius.Prime.Core.csproj", "{5B236DA6-7A5A-48E8-813E-5745B0E50D65}"
EndProject
Project("{FAE04EC0-301F-11D3-BF4B-00C04F79EFBC}") = "Mercurius.Prime.DataProcess", "基础\Mercurius.Prime.DataProcess\Mercurius.Prime.DataProcess.csproj", "{D9A831D4-D63C-48F2-B741-AA8FA2956158}"
EndProject
Project("{FAE04EC0-301F-11D3-BF4B-00C04F79EFBC}") = "Mercurius.CodeBuilder.Java", "CodeBuilder\Mercurius.CodeBuilder.Java\Mercurius.CodeBuilder.Java.csproj", "{54A250FB-F6EB-418E-9F44-4579967D30AF}"
EndProject
Project("{FAE04EC0-301F-11D3-BF4B-00C04F79EFBC}") = "Mercurius.Prime.Data", "基础\Mercurius.Prime.Data\Mercurius.Prime.Data.csproj", "{784654C8-CC89-4ADF-BB00-1E0085C768DD}"
EndProject
Project("{FAE04EC0-301F-11D3-BF4B-00C04F79EFBC}") = "Mercurius.Prime.Boot", "基础\Mercurius.Prime.Boot\Mercurius.Prime.Boot.csproj", "{03C8389A-BC76-404A-AC11-E6D25676BA2B}"
EndProject
Project("{2150E333-8FDC-42A3-9474-1A3956D46DE8}") = "测试", "测试", "{CF8B17E1-BB2E-4BF7-830D-D368C60D2F7C}"
EndProject
Project("{FAE04EC0-301F-11D3-BF4B-00C04F79EFBC}") = "CSBR.SPD.Order.Repository", "测试\CSBR.SPD.Order.Repository\CSBR.SPD.Order.Repository.csproj", "{84AFB6D0-41F8-4603-9A4E-C4ED76C5A9A8}"
EndProject
Project("{FAE04EC0-301F-11D3-BF4B-00C04F79EFBC}") = "CSBR.SPD.Order.Service", "测试\CSBR.SPD.Order.Service\CSBR.SPD.Order.Service.csproj", "{D6BBBCC9-73C2-4BFB-BEAB-8F3C02717424}"
EndProject
Global
	GlobalSection(SolutionConfigurationPlatforms) = preSolution
		Debug|Any CPU = Debug|Any CPU
		Release|Any CPU = Release|Any CPU
	EndGlobalSection
	GlobalSection(ProjectConfigurationPlatforms) = postSolution
		{62379B2C-78EE-488C-AF19-635319117678}.Debug|Any CPU.ActiveCfg = Debug|Any CPU
		{62379B2C-78EE-488C-AF19-635319117678}.Debug|Any CPU.Build.0 = Debug|Any CPU
		{62379B2C-78EE-488C-AF19-635319117678}.Release|Any CPU.ActiveCfg = Release|Any CPU
		{62379B2C-78EE-488C-AF19-635319117678}.Release|Any CPU.Build.0 = Release|Any CPU
		{25FD5C87-07CC-41DF-8DCD-DB28A8D89CD2}.Debug|Any CPU.ActiveCfg = Debug|Any CPU
		{25FD5C87-07CC-41DF-8DCD-DB28A8D89CD2}.Debug|Any CPU.Build.0 = Debug|Any CPU
		{25FD5C87-07CC-41DF-8DCD-DB28A8D89CD2}.Release|Any CPU.ActiveCfg = Release|Any CPU
		{25FD5C87-07CC-41DF-8DCD-DB28A8D89CD2}.Release|Any CPU.Build.0 = Release|Any CPU
		{E06C7D09-F050-4734-88E2-61D8D7E53B93}.Debug|Any CPU.ActiveCfg = Debug|Any CPU
		{E06C7D09-F050-4734-88E2-61D8D7E53B93}.Debug|Any CPU.Build.0 = Debug|Any CPU
		{E06C7D09-F050-4734-88E2-61D8D7E53B93}.Release|Any CPU.ActiveCfg = Release|Any CPU
		{E06C7D09-F050-4734-88E2-61D8D7E53B93}.Release|Any CPU.Build.0 = Release|Any CPU
		{8798F336-D1A2-489A-9182-4C31F8876D62}.Debug|Any CPU.ActiveCfg = Debug|Any CPU
		{8798F336-D1A2-489A-9182-4C31F8876D62}.Debug|Any CPU.Build.0 = Debug|Any CPU
		{8798F336-D1A2-489A-9182-4C31F8876D62}.Release|Any CPU.ActiveCfg = Release|Any CPU
		{8798F336-D1A2-489A-9182-4C31F8876D62}.Release|Any CPU.Build.0 = Release|Any CPU
		{5B236DA6-7A5A-48E8-813E-5745B0E50D65}.Debug|Any CPU.ActiveCfg = Debug|Any CPU
		{5B236DA6-7A5A-48E8-813E-5745B0E50D65}.Debug|Any CPU.Build.0 = Debug|Any CPU
		{5B236DA6-7A5A-48E8-813E-5745B0E50D65}.Release|Any CPU.ActiveCfg = Release|Any CPU
		{5B236DA6-7A5A-48E8-813E-5745B0E50D65}.Release|Any CPU.Build.0 = Release|Any CPU
		{D9A831D4-D63C-48F2-B741-AA8FA2956158}.Debug|Any CPU.ActiveCfg = Debug|Any CPU
		{D9A831D4-D63C-48F2-B741-AA8FA2956158}.Debug|Any CPU.Build.0 = Debug|Any CPU
		{D9A831D4-D63C-48F2-B741-AA8FA2956158}.Release|Any CPU.ActiveCfg = Release|Any CPU
		{D9A831D4-D63C-48F2-B741-AA8FA2956158}.Release|Any CPU.Build.0 = Release|Any CPU
		{54A250FB-F6EB-418E-9F44-4579967D30AF}.Debug|Any CPU.ActiveCfg = Debug|Any CPU
		{54A250FB-F6EB-418E-9F44-4579967D30AF}.Debug|Any CPU.Build.0 = Debug|Any CPU
		{54A250FB-F6EB-418E-9F44-4579967D30AF}.Release|Any CPU.ActiveCfg = Release|Any CPU
		{54A250FB-F6EB-418E-9F44-4579967D30AF}.Release|Any CPU.Build.0 = Release|Any CPU
		{784654C8-CC89-4ADF-BB00-1E0085C768DD}.Debug|Any CPU.ActiveCfg = Debug|Any CPU
		{784654C8-CC89-4ADF-BB00-1E0085C768DD}.Debug|Any CPU.Build.0 = Debug|Any CPU
		{784654C8-CC89-4ADF-BB00-1E0085C768DD}.Release|Any CPU.ActiveCfg = Release|Any CPU
		{784654C8-CC89-4ADF-BB00-1E0085C768DD}.Release|Any CPU.Build.0 = Release|Any CPU
		{03C8389A-BC76-404A-AC11-E6D25676BA2B}.Debug|Any CPU.ActiveCfg = Debug|Any CPU
		{03C8389A-BC76-404A-AC11-E6D25676BA2B}.Debug|Any CPU.Build.0 = Debug|Any CPU
		{03C8389A-BC76-404A-AC11-E6D25676BA2B}.Release|Any CPU.ActiveCfg = Release|Any CPU
		{03C8389A-BC76-404A-AC11-E6D25676BA2B}.Release|Any CPU.Build.0 = Release|Any CPU
		{84AFB6D0-41F8-4603-9A4E-C4ED76C5A9A8}.Debug|Any CPU.ActiveCfg = Debug|Any CPU
		{84AFB6D0-41F8-4603-9A4E-C4ED76C5A9A8}.Debug|Any CPU.Build.0 = Debug|Any CPU
		{84AFB6D0-41F8-4603-9A4E-C4ED76C5A9A8}.Release|Any CPU.ActiveCfg = Release|Any CPU
		{84AFB6D0-41F8-4603-9A4E-C4ED76C5A9A8}.Release|Any CPU.Build.0 = Release|Any CPU
		{D6BBBCC9-73C2-4BFB-BEAB-8F3C02717424}.Debug|Any CPU.ActiveCfg = Debug|Any CPU
		{D6BBBCC9-73C2-4BFB-BEAB-8F3C02717424}.Debug|Any CPU.Build.0 = Debug|Any CPU
		{D6BBBCC9-73C2-4BFB-BEAB-8F3C02717424}.Release|Any CPU.ActiveCfg = Release|Any CPU
		{D6BBBCC9-73C2-4BFB-BEAB-8F3C02717424}.Release|Any CPU.Build.0 = Release|Any CPU
	EndGlobalSection
	GlobalSection(SolutionProperties) = preSolution
		HideSolutionNode = FALSE
	EndGlobalSection
	GlobalSection(NestedProjects) = preSolution
		{5B236DA6-7A5A-48E8-813E-5745B0E50D65} = {91BD7B99-8281-4565-BC08-EE9BF3E90CA3}
		{D9A831D4-D63C-48F2-B741-AA8FA2956158} = {91BD7B99-8281-4565-BC08-EE9BF3E90CA3}
		{784654C8-CC89-4ADF-BB00-1E0085C768DD} = {91BD7B99-8281-4565-BC08-EE9BF3E90CA3}
		{03C8389A-BC76-404A-AC11-E6D25676BA2B} = {91BD7B99-8281-4565-BC08-EE9BF3E90CA3}
		{84AFB6D0-41F8-4603-9A4E-C4ED76C5A9A8} = {CF8B17E1-BB2E-4BF7-830D-D368C60D2F7C}
		{D6BBBCC9-73C2-4BFB-BEAB-8F3C02717424} = {CF8B17E1-BB2E-4BF7-830D-D368C60D2F7C}
	EndGlobalSection
	GlobalSection(ExtensibilityGlobals) = postSolution
		SolutionGuid = {CDA521A6-C155-455A-9A6A-5161920C57C9}
		EnterpriseLibraryConfigurationToolBinariesPathV6 = packages\EnterpriseLibrary.Validation.6.0.1304.0\lib\NET45;packages\EnterpriseLibrary.Common.6.0.1304.0\lib\NET45
		EnterpriseLibraryConfigurationToolBinariesPath = packages\EnterpriseLibrary.Validation.5.0.505.0\lib\NET35;packages\Unity.2.1.505.0\lib\NET35;packages\Unity.Interception.2.1.505.0\lib\NET35;packages\EnterpriseLibrary.Common.5.0.505.0\lib\NET35
	EndGlobalSection
EndGlobal
