
Microsoft Visual Studio Solution File, Format Version 12.00
# Visual Studio 14
VisualStudioVersion = 14.0.25420.1
MinimumVisualStudioVersion = 10.0.40219.1
Project("{2150E333-8FDC-42A3-9474-1A3956D46DE8}") = "服务层", "服务层", "{DD9E72F5-28CC-4A7D-9719-E175E5D3D977}"
EndProject
Project("{2150E333-8FDC-42A3-9474-1A3956D46DE8}") = "01-Assemblys", "01-Assemblys", "{DD35E1CF-1365-4536-BFD3-992B41B92A08}"
EndProject
Project("{FAE04EC0-301F-11D3-BF4B-00C04F79EFBC}") = "Mercurius.Infrastructure", "Mercurius.Infrastructure\Mercurius.Infrastructure.csproj", "{B0732AD6-AC7A-4980-817E-432631963939}"
EndProject
Project("{FAE04EC0-301F-11D3-BF4B-00C04F79EFBC}") = "Mercurius.Sparrow.Services", "服务层\Mercurius.Sparrow.Services\Mercurius.Sparrow.Services.csproj", "{0B830C09-CCD2-4CC3-A743-FC5F7FA46082}"
EndProject
Project("{FAE04EC0-301F-11D3-BF4B-00C04F79EFBC}") = "Mercurius.Sparrow.Contracts", "服务层\Mercurius.Sparrow.Contracts\Mercurius.Sparrow.Contracts.csproj", "{9164967B-B835-44B7-A6DF-18D87CC98DAE}"
EndProject
Project("{2150E333-8FDC-42A3-9474-1A3956D46DE8}") = "数据访问层", "数据访问层", "{428A97D4-B01B-48ED-A3A8-599C74F40164}"
EndProject
Project("{FAE04EC0-301F-11D3-BF4B-00C04F79EFBC}") = "Mercurius.Sparrow.Repositories", "数据访问层\Mercurius.Sparrow.Repositories\Mercurius.Sparrow.Repositories.csproj", "{05FCDE91-E15A-4867-AA0E-FC7E8414B2D2}"
EndProject
Project("{FAE04EC0-301F-11D3-BF4B-00C04F79EFBC}") = "Mercurius.Sparrow.Entities", "数据访问层\Mercurius.Sparrow.Entities\Mercurius.Sparrow.Entities.csproj", "{166646D7-8172-4011-9CB0-385C6A6D7FFB}"
EndProject
Project("{FAE04EC0-301F-11D3-BF4B-00C04F79EFBC}") = "Mercurius.Sparrow.Backstage", "Mercurius.Sparrow.Backstage\Mercurius.Sparrow.Backstage.csproj", "{1DDB83CB-B949-427B-A88F-1E6AC1AB4C52}"
EndProject
Project("{FAE04EC0-301F-11D3-BF4B-00C04F79EFBC}") = "Mercurius.Sparrow.Portal", "Mercurius.Sparrow.Portal\Mercurius.Sparrow.Portal.csproj", "{6E9CCA90-4BF9-4E64-BA33-EB8786F588D9}"
EndProject
Project("{FAE04EC0-301F-11D3-BF4B-00C04F79EFBC}") = "Mercurius.FileStorageSystem", "Mercurius.FileStorageSystem\Mercurius.FileStorageSystem.csproj", "{E0E9780E-900E-466F-A805-F48E64C861E3}"
EndProject
Project("{2150E333-8FDC-42A3-9474-1A3956D46DE8}") = "ServiceStack.Redis", "ServiceStack.Redis", "{8D1496D2-E6AF-4F70-B708-AF4DF0224BAD}"
	ProjectSection(SolutionItems) = preProject
		Assemblys\ServiceStack.Redis\ServiceStack.Common.dll = Assemblys\ServiceStack.Redis\ServiceStack.Common.dll
		Assemblys\ServiceStack.Redis\ServiceStack.Common.xml = Assemblys\ServiceStack.Redis\ServiceStack.Common.xml
		Assemblys\ServiceStack.Redis\ServiceStack.Interfaces.dll = Assemblys\ServiceStack.Redis\ServiceStack.Interfaces.dll
		Assemblys\ServiceStack.Redis\ServiceStack.Redis.dll = Assemblys\ServiceStack.Redis\ServiceStack.Redis.dll
		Assemblys\ServiceStack.Redis\ServiceStack.Redis.pdb = Assemblys\ServiceStack.Redis\ServiceStack.Redis.pdb
		Assemblys\ServiceStack.Redis\ServiceStack.Redis.XML = Assemblys\ServiceStack.Redis\ServiceStack.Redis.XML
		Assemblys\ServiceStack.Redis\ServiceStack.Text.dll = Assemblys\ServiceStack.Redis\ServiceStack.Text.dll
		Assemblys\ServiceStack.Redis\ServiceStack.Text.xml = Assemblys\ServiceStack.Redis\ServiceStack.Text.xml
	EndProjectSection
EndProject
Project("{FAE04EC0-301F-11D3-BF4B-00C04F79EFBC}") = "Mercurius.Backstage", "Mercurius.Backstage\Mercurius.Backstage.csproj", "{9743975B-3750-494A-9E33-06AD8D594202}"
EndProject
Project("{2150E333-8FDC-42A3-9474-1A3956D46DE8}") = "04-插件", "04-插件", "{47209CF1-9216-4784-847E-624A0D066EE6}"
EndProject
Project("{2150E333-8FDC-42A3-9474-1A3956D46DE8}") = "05-新闻", "05-新闻", "{51384A29-CFCC-41B6-A0FB-5A9DF21719C8}"
EndProject
Project("{2150E333-8FDC-42A3-9474-1A3956D46DE8}") = "04-动态页", "04-动态页", "{0EB98E44-EE27-4F04-95F9-5C39FB4B3227}"
EndProject
Project("{FAE04EC0-301F-11D3-BF4B-00C04F79EFBC}") = "Mercurius.Plugins.Dynamic", "插件\动态页\Mercurius.Plugins.Dynamic\Mercurius.Plugins.Dynamic.csproj", "{0665DD54-B960-48F8-B1F8-71082152D93E}"
EndProject
Project("{FAE04EC0-301F-11D3-BF4B-00C04F79EFBC}") = "Mercurius.Plugins.News", "插件\新闻\Mercurius.Plugins.News\Mercurius.Plugins.News.csproj", "{0032D18B-9108-4774-BC4E-F72C64EAFEF6}"
EndProject
Project("{FAE04EC0-301F-11D3-BF4B-00C04F79EFBC}") = "Mercurius.Prime.Core", "基础\Mercurius.Prime.Core\Mercurius.Prime.Core.csproj", "{5B236DA6-7A5A-48E8-813E-5745B0E50D65}"
EndProject
Project("{2150E333-8FDC-42A3-9474-1A3956D46DE8}") = "02-基础", "02-基础", "{E4956A8B-6792-47B0-A3CD-713684E7848D}"
EndProject
Project("{FAE04EC0-301F-11D3-BF4B-00C04F79EFBC}") = "Mercurius.Prime.Data", "基础\Mercurius.Prime.Data\Mercurius.Prime.Data.csproj", "{784654C8-CC89-4ADF-BB00-1E0085C768DD}"
EndProject
Project("{FAE04EC0-301F-11D3-BF4B-00C04F79EFBC}") = "Mercurius.News.Interfaces", "插件\新闻\Mercurius.News.Interfaces\Mercurius.News.Interfaces.csproj", "{1EDA83C9-E710-41E8-A31E-D5BF59EE86A9}"
EndProject
Project("{FAE04EC0-301F-11D3-BF4B-00C04F79EFBC}") = "Mercurius.News.Implements", "插件\新闻\Mercurius.News.Implements\Mercurius.News.Implements.csproj", "{AFD86F60-C751-45A9-9798-7A0C4579D9D5}"
EndProject
Project("{FAE04EC0-301F-11D3-BF4B-00C04F79EFBC}") = "Mercurius.Prime.Web", "基础\Mercurius.Prime.Web\Mercurius.Prime.Web.csproj", "{59602E24-8D22-4EB9-8F73-2C76FB60DD99}"
EndProject
Project("{2150E333-8FDC-42A3-9474-1A3956D46DE8}") = "02-权限管理", "02-权限管理", "{3BE96106-84D1-4204-9F6F-E606EAB391B1}"
EndProject
Project("{2150E333-8FDC-42A3-9474-1A3956D46DE8}") = "03-核心", "03-核心", "{DE2475B6-39AE-4B52-A611-EA9E79D82A81}"
EndProject
Project("{FAE04EC0-301F-11D3-BF4B-00C04F79EFBC}") = "Mercurius.Core.Interfaces", "核心\Mercurius.Core.Interfaces\Mercurius.Core.Interfaces.csproj", "{8524BB1B-EB10-44FF-89A9-0470DBB97094}"
EndProject
Project("{FAE04EC0-301F-11D3-BF4B-00C04F79EFBC}") = "Mercurius.Core.Implements", "核心\Mercurius.Core.Implements\Mercurius.Core.Implements.csproj", "{3276B23C-921A-48E0-B595-D368704A32A7}"
EndProject
Project("{2150E333-8FDC-42A3-9474-1A3956D46DE8}") = "01-组织机构", "01-组织机构", "{511A5ED0-C38C-4A48-B5CB-C79154A8C55F}"
EndProject
Project("{2150E333-8FDC-42A3-9474-1A3956D46DE8}") = "03-控制台", "03-控制台", "{F81DB796-C2B2-414B-B1FF-10AC8BAEB124}"
EndProject
Project("{FAE04EC0-301F-11D3-BF4B-00C04F79EFBC}") = "Mercurius.Agency.Interfaces", "插件\组织机构\Mercurius.Agency.Interfaces\Mercurius.Agency.Interfaces.csproj", "{6823DACF-B54F-412B-9F47-F7AB8BCD8DAB}"
EndProject
Project("{FAE04EC0-301F-11D3-BF4B-00C04F79EFBC}") = "Mercurius.Agency.Implements", "插件\组织机构\Mercurius.Agency.Implements\Mercurius.Agency.Implements.csproj", "{3E466EA9-B0E0-4576-9C57-386A812FE5F5}"
EndProject
Project("{FAE04EC0-301F-11D3-BF4B-00C04F79EFBC}") = "Mercurius.Plugins.Agency", "插件\组织机构\Mercurius.Plugins.Agency\Mercurius.Plugins.Agency.csproj", "{6CC60119-C849-44A2-BA52-3B359AEBC33C}"
EndProject
Project("{FAE04EC0-301F-11D3-BF4B-00C04F79EFBC}") = "Mercurius.Prime.DataProcess", "基础\Mercurius.Prime.DataProcess\Mercurius.Prime.DataProcess.csproj", "{D9A831D4-D63C-48F2-B741-AA8FA2956158}"
EndProject
Project("{FAE04EC0-301F-11D3-BF4B-00C04F79EFBC}") = "Mercurius.Security.Interfaces", "插件\权限管理\Mercurius.Security.Interfaces\Mercurius.Security.Interfaces.csproj", "{0B125D72-A81F-45A1-9EF8-5CA94EA8E28C}"
EndProject
Project("{FAE04EC0-301F-11D3-BF4B-00C04F79EFBC}") = "Mercurius.Security.Implements", "插件\权限管理\Mercurius.Security.Implements\Mercurius.Security.Implements.csproj", "{83D394E7-32B8-4FE0-A1FA-F73A7B8E9A9D}"
EndProject
Project("{FAE04EC0-301F-11D3-BF4B-00C04F79EFBC}") = "Mercurius.Plugins.Security", "插件\权限管理\Mercurius.Plugins.Security\Mercurius.Plugins.Security.csproj", "{7120AD04-CC99-47A8-85D6-5AC696068745}"
EndProject
Global
	GlobalSection(SolutionConfigurationPlatforms) = preSolution
		Debug|Any CPU = Debug|Any CPU
		Release|Any CPU = Release|Any CPU
	EndGlobalSection
	GlobalSection(ProjectConfigurationPlatforms) = postSolution
		{B0732AD6-AC7A-4980-817E-432631963939}.Debug|Any CPU.ActiveCfg = Debug|Any CPU
		{B0732AD6-AC7A-4980-817E-432631963939}.Debug|Any CPU.Build.0 = Debug|Any CPU
		{B0732AD6-AC7A-4980-817E-432631963939}.Release|Any CPU.ActiveCfg = Release|Any CPU
		{B0732AD6-AC7A-4980-817E-432631963939}.Release|Any CPU.Build.0 = Release|Any CPU
		{0B830C09-CCD2-4CC3-A743-FC5F7FA46082}.Debug|Any CPU.ActiveCfg = Debug|Any CPU
		{0B830C09-CCD2-4CC3-A743-FC5F7FA46082}.Debug|Any CPU.Build.0 = Debug|Any CPU
		{0B830C09-CCD2-4CC3-A743-FC5F7FA46082}.Release|Any CPU.ActiveCfg = Release|Any CPU
		{0B830C09-CCD2-4CC3-A743-FC5F7FA46082}.Release|Any CPU.Build.0 = Release|Any CPU
		{9164967B-B835-44B7-A6DF-18D87CC98DAE}.Debug|Any CPU.ActiveCfg = Debug|Any CPU
		{9164967B-B835-44B7-A6DF-18D87CC98DAE}.Debug|Any CPU.Build.0 = Debug|Any CPU
		{9164967B-B835-44B7-A6DF-18D87CC98DAE}.Release|Any CPU.ActiveCfg = Release|Any CPU
		{9164967B-B835-44B7-A6DF-18D87CC98DAE}.Release|Any CPU.Build.0 = Release|Any CPU
		{05FCDE91-E15A-4867-AA0E-FC7E8414B2D2}.Debug|Any CPU.ActiveCfg = Debug|Any CPU
		{05FCDE91-E15A-4867-AA0E-FC7E8414B2D2}.Debug|Any CPU.Build.0 = Debug|Any CPU
		{05FCDE91-E15A-4867-AA0E-FC7E8414B2D2}.Release|Any CPU.ActiveCfg = Release|Any CPU
		{05FCDE91-E15A-4867-AA0E-FC7E8414B2D2}.Release|Any CPU.Build.0 = Release|Any CPU
		{166646D7-8172-4011-9CB0-385C6A6D7FFB}.Debug|Any CPU.ActiveCfg = Debug|Any CPU
		{166646D7-8172-4011-9CB0-385C6A6D7FFB}.Debug|Any CPU.Build.0 = Debug|Any CPU
		{166646D7-8172-4011-9CB0-385C6A6D7FFB}.Release|Any CPU.ActiveCfg = Release|Any CPU
		{166646D7-8172-4011-9CB0-385C6A6D7FFB}.Release|Any CPU.Build.0 = Release|Any CPU
		{1DDB83CB-B949-427B-A88F-1E6AC1AB4C52}.Debug|Any CPU.ActiveCfg = Debug|Any CPU
		{1DDB83CB-B949-427B-A88F-1E6AC1AB4C52}.Debug|Any CPU.Build.0 = Debug|Any CPU
		{1DDB83CB-B949-427B-A88F-1E6AC1AB4C52}.Release|Any CPU.ActiveCfg = Release|Any CPU
		{1DDB83CB-B949-427B-A88F-1E6AC1AB4C52}.Release|Any CPU.Build.0 = Release|Any CPU
		{6E9CCA90-4BF9-4E64-BA33-EB8786F588D9}.Debug|Any CPU.ActiveCfg = Debug|Any CPU
		{6E9CCA90-4BF9-4E64-BA33-EB8786F588D9}.Debug|Any CPU.Build.0 = Debug|Any CPU
		{6E9CCA90-4BF9-4E64-BA33-EB8786F588D9}.Release|Any CPU.ActiveCfg = Release|Any CPU
		{6E9CCA90-4BF9-4E64-BA33-EB8786F588D9}.Release|Any CPU.Build.0 = Release|Any CPU
		{E0E9780E-900E-466F-A805-F48E64C861E3}.Debug|Any CPU.ActiveCfg = Debug|Any CPU
		{E0E9780E-900E-466F-A805-F48E64C861E3}.Debug|Any CPU.Build.0 = Debug|Any CPU
		{E0E9780E-900E-466F-A805-F48E64C861E3}.Release|Any CPU.ActiveCfg = Release|Any CPU
		{E0E9780E-900E-466F-A805-F48E64C861E3}.Release|Any CPU.Build.0 = Release|Any CPU
		{9743975B-3750-494A-9E33-06AD8D594202}.Debug|Any CPU.ActiveCfg = Debug|Any CPU
		{9743975B-3750-494A-9E33-06AD8D594202}.Debug|Any CPU.Build.0 = Debug|Any CPU
		{9743975B-3750-494A-9E33-06AD8D594202}.Release|Any CPU.ActiveCfg = Release|Any CPU
		{9743975B-3750-494A-9E33-06AD8D594202}.Release|Any CPU.Build.0 = Release|Any CPU
		{0665DD54-B960-48F8-B1F8-71082152D93E}.Debug|Any CPU.ActiveCfg = Debug|Any CPU
		{0665DD54-B960-48F8-B1F8-71082152D93E}.Debug|Any CPU.Build.0 = Debug|Any CPU
		{0665DD54-B960-48F8-B1F8-71082152D93E}.Release|Any CPU.ActiveCfg = Release|Any CPU
		{0665DD54-B960-48F8-B1F8-71082152D93E}.Release|Any CPU.Build.0 = Release|Any CPU
		{0032D18B-9108-4774-BC4E-F72C64EAFEF6}.Debug|Any CPU.ActiveCfg = Debug|Any CPU
		{0032D18B-9108-4774-BC4E-F72C64EAFEF6}.Debug|Any CPU.Build.0 = Debug|Any CPU
		{0032D18B-9108-4774-BC4E-F72C64EAFEF6}.Release|Any CPU.ActiveCfg = Release|Any CPU
		{0032D18B-9108-4774-BC4E-F72C64EAFEF6}.Release|Any CPU.Build.0 = Release|Any CPU
		{5B236DA6-7A5A-48E8-813E-5745B0E50D65}.Debug|Any CPU.ActiveCfg = Debug|Any CPU
		{5B236DA6-7A5A-48E8-813E-5745B0E50D65}.Debug|Any CPU.Build.0 = Debug|Any CPU
		{5B236DA6-7A5A-48E8-813E-5745B0E50D65}.Release|Any CPU.ActiveCfg = Release|Any CPU
		{5B236DA6-7A5A-48E8-813E-5745B0E50D65}.Release|Any CPU.Build.0 = Release|Any CPU
		{784654C8-CC89-4ADF-BB00-1E0085C768DD}.Debug|Any CPU.ActiveCfg = Debug|Any CPU
		{784654C8-CC89-4ADF-BB00-1E0085C768DD}.Debug|Any CPU.Build.0 = Debug|Any CPU
		{784654C8-CC89-4ADF-BB00-1E0085C768DD}.Release|Any CPU.ActiveCfg = Release|Any CPU
		{784654C8-CC89-4ADF-BB00-1E0085C768DD}.Release|Any CPU.Build.0 = Release|Any CPU
		{1EDA83C9-E710-41E8-A31E-D5BF59EE86A9}.Debug|Any CPU.ActiveCfg = Debug|Any CPU
		{1EDA83C9-E710-41E8-A31E-D5BF59EE86A9}.Debug|Any CPU.Build.0 = Debug|Any CPU
		{1EDA83C9-E710-41E8-A31E-D5BF59EE86A9}.Release|Any CPU.ActiveCfg = Release|Any CPU
		{1EDA83C9-E710-41E8-A31E-D5BF59EE86A9}.Release|Any CPU.Build.0 = Release|Any CPU
		{AFD86F60-C751-45A9-9798-7A0C4579D9D5}.Debug|Any CPU.ActiveCfg = Debug|Any CPU
		{AFD86F60-C751-45A9-9798-7A0C4579D9D5}.Debug|Any CPU.Build.0 = Debug|Any CPU
		{AFD86F60-C751-45A9-9798-7A0C4579D9D5}.Release|Any CPU.ActiveCfg = Release|Any CPU
		{AFD86F60-C751-45A9-9798-7A0C4579D9D5}.Release|Any CPU.Build.0 = Release|Any CPU
		{59602E24-8D22-4EB9-8F73-2C76FB60DD99}.Debug|Any CPU.ActiveCfg = Debug|Any CPU
		{59602E24-8D22-4EB9-8F73-2C76FB60DD99}.Debug|Any CPU.Build.0 = Debug|Any CPU
		{59602E24-8D22-4EB9-8F73-2C76FB60DD99}.Release|Any CPU.ActiveCfg = Release|Any CPU
		{59602E24-8D22-4EB9-8F73-2C76FB60DD99}.Release|Any CPU.Build.0 = Release|Any CPU
		{8524BB1B-EB10-44FF-89A9-0470DBB97094}.Debug|Any CPU.ActiveCfg = Debug|Any CPU
		{8524BB1B-EB10-44FF-89A9-0470DBB97094}.Debug|Any CPU.Build.0 = Debug|Any CPU
		{8524BB1B-EB10-44FF-89A9-0470DBB97094}.Release|Any CPU.ActiveCfg = Release|Any CPU
		{8524BB1B-EB10-44FF-89A9-0470DBB97094}.Release|Any CPU.Build.0 = Release|Any CPU
		{3276B23C-921A-48E0-B595-D368704A32A7}.Debug|Any CPU.ActiveCfg = Debug|Any CPU
		{3276B23C-921A-48E0-B595-D368704A32A7}.Debug|Any CPU.Build.0 = Debug|Any CPU
		{3276B23C-921A-48E0-B595-D368704A32A7}.Release|Any CPU.ActiveCfg = Release|Any CPU
		{3276B23C-921A-48E0-B595-D368704A32A7}.Release|Any CPU.Build.0 = Release|Any CPU
		{6823DACF-B54F-412B-9F47-F7AB8BCD8DAB}.Debug|Any CPU.ActiveCfg = Debug|Any CPU
		{6823DACF-B54F-412B-9F47-F7AB8BCD8DAB}.Debug|Any CPU.Build.0 = Debug|Any CPU
		{6823DACF-B54F-412B-9F47-F7AB8BCD8DAB}.Release|Any CPU.ActiveCfg = Release|Any CPU
		{6823DACF-B54F-412B-9F47-F7AB8BCD8DAB}.Release|Any CPU.Build.0 = Release|Any CPU
		{3E466EA9-B0E0-4576-9C57-386A812FE5F5}.Debug|Any CPU.ActiveCfg = Debug|Any CPU
		{3E466EA9-B0E0-4576-9C57-386A812FE5F5}.Debug|Any CPU.Build.0 = Debug|Any CPU
		{3E466EA9-B0E0-4576-9C57-386A812FE5F5}.Release|Any CPU.ActiveCfg = Release|Any CPU
		{3E466EA9-B0E0-4576-9C57-386A812FE5F5}.Release|Any CPU.Build.0 = Release|Any CPU
		{6CC60119-C849-44A2-BA52-3B359AEBC33C}.Debug|Any CPU.ActiveCfg = Debug|Any CPU
		{6CC60119-C849-44A2-BA52-3B359AEBC33C}.Debug|Any CPU.Build.0 = Debug|Any CPU
		{6CC60119-C849-44A2-BA52-3B359AEBC33C}.Release|Any CPU.ActiveCfg = Release|Any CPU
		{6CC60119-C849-44A2-BA52-3B359AEBC33C}.Release|Any CPU.Build.0 = Release|Any CPU
		{D9A831D4-D63C-48F2-B741-AA8FA2956158}.Debug|Any CPU.ActiveCfg = Debug|Any CPU
		{D9A831D4-D63C-48F2-B741-AA8FA2956158}.Debug|Any CPU.Build.0 = Debug|Any CPU
		{D9A831D4-D63C-48F2-B741-AA8FA2956158}.Release|Any CPU.ActiveCfg = Release|Any CPU
		{D9A831D4-D63C-48F2-B741-AA8FA2956158}.Release|Any CPU.Build.0 = Release|Any CPU
		{0B125D72-A81F-45A1-9EF8-5CA94EA8E28C}.Debug|Any CPU.ActiveCfg = Debug|Any CPU
		{0B125D72-A81F-45A1-9EF8-5CA94EA8E28C}.Debug|Any CPU.Build.0 = Debug|Any CPU
		{0B125D72-A81F-45A1-9EF8-5CA94EA8E28C}.Release|Any CPU.ActiveCfg = Release|Any CPU
		{0B125D72-A81F-45A1-9EF8-5CA94EA8E28C}.Release|Any CPU.Build.0 = Release|Any CPU
		{83D394E7-32B8-4FE0-A1FA-F73A7B8E9A9D}.Debug|Any CPU.ActiveCfg = Debug|Any CPU
		{83D394E7-32B8-4FE0-A1FA-F73A7B8E9A9D}.Debug|Any CPU.Build.0 = Debug|Any CPU
		{83D394E7-32B8-4FE0-A1FA-F73A7B8E9A9D}.Release|Any CPU.ActiveCfg = Release|Any CPU
		{83D394E7-32B8-4FE0-A1FA-F73A7B8E9A9D}.Release|Any CPU.Build.0 = Release|Any CPU
		{7120AD04-CC99-47A8-85D6-5AC696068745}.Debug|Any CPU.ActiveCfg = Debug|Any CPU
		{7120AD04-CC99-47A8-85D6-5AC696068745}.Debug|Any CPU.Build.0 = Debug|Any CPU
		{7120AD04-CC99-47A8-85D6-5AC696068745}.Release|Any CPU.ActiveCfg = Release|Any CPU
		{7120AD04-CC99-47A8-85D6-5AC696068745}.Release|Any CPU.Build.0 = Release|Any CPU
	EndGlobalSection
	GlobalSection(SolutionProperties) = preSolution
		HideSolutionNode = FALSE
	EndGlobalSection
	GlobalSection(NestedProjects) = preSolution
		{0B830C09-CCD2-4CC3-A743-FC5F7FA46082} = {DD9E72F5-28CC-4A7D-9719-E175E5D3D977}
		{9164967B-B835-44B7-A6DF-18D87CC98DAE} = {DD9E72F5-28CC-4A7D-9719-E175E5D3D977}
		{05FCDE91-E15A-4867-AA0E-FC7E8414B2D2} = {428A97D4-B01B-48ED-A3A8-599C74F40164}
		{166646D7-8172-4011-9CB0-385C6A6D7FFB} = {428A97D4-B01B-48ED-A3A8-599C74F40164}
		{8D1496D2-E6AF-4F70-B708-AF4DF0224BAD} = {DD35E1CF-1365-4536-BFD3-992B41B92A08}
		{51384A29-CFCC-41B6-A0FB-5A9DF21719C8} = {47209CF1-9216-4784-847E-624A0D066EE6}
		{0EB98E44-EE27-4F04-95F9-5C39FB4B3227} = {47209CF1-9216-4784-847E-624A0D066EE6}
		{0665DD54-B960-48F8-B1F8-71082152D93E} = {0EB98E44-EE27-4F04-95F9-5C39FB4B3227}
		{0032D18B-9108-4774-BC4E-F72C64EAFEF6} = {51384A29-CFCC-41B6-A0FB-5A9DF21719C8}
		{5B236DA6-7A5A-48E8-813E-5745B0E50D65} = {E4956A8B-6792-47B0-A3CD-713684E7848D}
		{784654C8-CC89-4ADF-BB00-1E0085C768DD} = {E4956A8B-6792-47B0-A3CD-713684E7848D}
		{1EDA83C9-E710-41E8-A31E-D5BF59EE86A9} = {51384A29-CFCC-41B6-A0FB-5A9DF21719C8}
		{AFD86F60-C751-45A9-9798-7A0C4579D9D5} = {51384A29-CFCC-41B6-A0FB-5A9DF21719C8}
		{59602E24-8D22-4EB9-8F73-2C76FB60DD99} = {E4956A8B-6792-47B0-A3CD-713684E7848D}
		{3BE96106-84D1-4204-9F6F-E606EAB391B1} = {47209CF1-9216-4784-847E-624A0D066EE6}
		{8524BB1B-EB10-44FF-89A9-0470DBB97094} = {DE2475B6-39AE-4B52-A611-EA9E79D82A81}
		{3276B23C-921A-48E0-B595-D368704A32A7} = {DE2475B6-39AE-4B52-A611-EA9E79D82A81}
		{511A5ED0-C38C-4A48-B5CB-C79154A8C55F} = {47209CF1-9216-4784-847E-624A0D066EE6}
		{F81DB796-C2B2-414B-B1FF-10AC8BAEB124} = {47209CF1-9216-4784-847E-624A0D066EE6}
		{6823DACF-B54F-412B-9F47-F7AB8BCD8DAB} = {511A5ED0-C38C-4A48-B5CB-C79154A8C55F}
		{3E466EA9-B0E0-4576-9C57-386A812FE5F5} = {511A5ED0-C38C-4A48-B5CB-C79154A8C55F}
		{6CC60119-C849-44A2-BA52-3B359AEBC33C} = {511A5ED0-C38C-4A48-B5CB-C79154A8C55F}
		{D9A831D4-D63C-48F2-B741-AA8FA2956158} = {E4956A8B-6792-47B0-A3CD-713684E7848D}
		{0B125D72-A81F-45A1-9EF8-5CA94EA8E28C} = {3BE96106-84D1-4204-9F6F-E606EAB391B1}
		{83D394E7-32B8-4FE0-A1FA-F73A7B8E9A9D} = {3BE96106-84D1-4204-9F6F-E606EAB391B1}
		{7120AD04-CC99-47A8-85D6-5AC696068745} = {3BE96106-84D1-4204-9F6F-E606EAB391B1}
	EndGlobalSection
	GlobalSection(ExtensibilityGlobals) = postSolution
		EnterpriseLibraryConfigurationToolBinariesPath = packages\Unity.2.1.505.2\lib\NET35;packages\Unity.Interception.2.1.505.2\lib\NET35;packages\EnterpriseLibrary.Common.5.0.505.0\lib\NET35;packages\EnterpriseLibrary.Validation.5.0.505.0\lib\NET35
		EnterpriseLibraryConfigurationToolBinariesPathV6 = packages\EnterpriseLibrary.Common.6.0.1304.0\lib\NET45;packages\EnterpriseLibrary.Validation.6.0.1304.0\lib\NET45
	EndGlobalSection
EndGlobal
