
Microsoft Visual Studio Solution File, Format Version 12.00
# Visual Studio 14
VisualStudioVersion = 14.0.25420.1
MinimumVisualStudioVersion = 10.0.40219.1
Project("{2150E333-8FDC-42A3-9474-1A3956D46DE8}") = "src", "src", "{FE39E15A-4675-4C9E-A8DB-219BD03FE0FD}"
EndProject
Project("{2150E333-8FDC-42A3-9474-1A3956D46DE8}") = "Solution Items", "Solution Items", "{77BA71EC-96A8-4513-A74C-84CAF1766836}"
	ProjectSection(SolutionItems) = preProject
		global.json = global.json
	EndProjectSection
EndProject
Project("{2150E333-8FDC-42A3-9474-1A3956D46DE8}") = "数据访问层", "数据访问层", "{90773F13-0B25-4A2E-AE31-2126633FD461}"
EndProject
Project("{FAE04EC0-301F-11D3-BF4B-00C04F79EFBC}") = "Mercurius.Sparrow.Entities", "数据访问层\Mercurius.Sparrow.Entities\Mercurius.Sparrow.Entities.csproj", "{166646D7-8172-4011-9CB0-385C6A6D7FFB}"
EndProject
Project("{FAE04EC0-301F-11D3-BF4B-00C04F79EFBC}") = "Mercurius.Sparrow.Repositories", "数据访问层\Mercurius.Sparrow.Repositories\Mercurius.Sparrow.Repositories.csproj", "{05FCDE91-E15A-4867-AA0E-FC7E8414B2D2}"
EndProject
Project("{2150E333-8FDC-42A3-9474-1A3956D46DE8}") = "服务层", "服务层", "{50D06539-7CA3-42D5-8950-130B9148C615}"
EndProject
Project("{FAE04EC0-301F-11D3-BF4B-00C04F79EFBC}") = "Mercurius.Sparrow.Contracts", "服务层\Mercurius.Sparrow.Contracts\Mercurius.Sparrow.Contracts.csproj", "{9164967B-B835-44B7-A6DF-18D87CC98DAE}"
EndProject
Project("{FAE04EC0-301F-11D3-BF4B-00C04F79EFBC}") = "Mercurius.Sparrow.Services", "服务层\Mercurius.Sparrow.Services\Mercurius.Sparrow.Services.csproj", "{0B830C09-CCD2-4CC3-A743-FC5F7FA46082}"
EndProject
Project("{FAE04EC0-301F-11D3-BF4B-00C04F79EFBC}") = "Mercurius.Infrastructure", "Mercurius.Infrastructure\Mercurius.Infrastructure.csproj", "{B0732AD6-AC7A-4980-817E-432631963939}"
EndProject
Project("{8BB2217D-0F2D-49D1-97BC-3654ED321F3B}") = "Mercurius.Sparrow.Backstage", "AspNetCore\src\Mercurius.Sparrow.Backstage\Mercurius.Sparrow.Backstage.xproj", "{83F7A809-4954-4266-9F3E-F714FA5BB442}"
EndProject
Global
	GlobalSection(SolutionConfigurationPlatforms) = preSolution
		Debug|Any CPU = Debug|Any CPU
		Release|Any CPU = Release|Any CPU
	EndGlobalSection
	GlobalSection(ProjectConfigurationPlatforms) = postSolution
		{166646D7-8172-4011-9CB0-385C6A6D7FFB}.Debug|Any CPU.ActiveCfg = Debug|Any CPU
		{166646D7-8172-4011-9CB0-385C6A6D7FFB}.Debug|Any CPU.Build.0 = Debug|Any CPU
		{166646D7-8172-4011-9CB0-385C6A6D7FFB}.Release|Any CPU.ActiveCfg = Release|Any CPU
		{166646D7-8172-4011-9CB0-385C6A6D7FFB}.Release|Any CPU.Build.0 = Release|Any CPU
		{05FCDE91-E15A-4867-AA0E-FC7E8414B2D2}.Debug|Any CPU.ActiveCfg = Debug|Any CPU
		{05FCDE91-E15A-4867-AA0E-FC7E8414B2D2}.Debug|Any CPU.Build.0 = Debug|Any CPU
		{05FCDE91-E15A-4867-AA0E-FC7E8414B2D2}.Release|Any CPU.ActiveCfg = Release|Any CPU
		{05FCDE91-E15A-4867-AA0E-FC7E8414B2D2}.Release|Any CPU.Build.0 = Release|Any CPU
		{9164967B-B835-44B7-A6DF-18D87CC98DAE}.Debug|Any CPU.ActiveCfg = Debug|Any CPU
		{9164967B-B835-44B7-A6DF-18D87CC98DAE}.Debug|Any CPU.Build.0 = Debug|Any CPU
		{9164967B-B835-44B7-A6DF-18D87CC98DAE}.Release|Any CPU.ActiveCfg = Release|Any CPU
		{9164967B-B835-44B7-A6DF-18D87CC98DAE}.Release|Any CPU.Build.0 = Release|Any CPU
		{0B830C09-CCD2-4CC3-A743-FC5F7FA46082}.Debug|Any CPU.ActiveCfg = Debug|Any CPU
		{0B830C09-CCD2-4CC3-A743-FC5F7FA46082}.Debug|Any CPU.Build.0 = Debug|Any CPU
		{0B830C09-CCD2-4CC3-A743-FC5F7FA46082}.Release|Any CPU.ActiveCfg = Release|Any CPU
		{0B830C09-CCD2-4CC3-A743-FC5F7FA46082}.Release|Any CPU.Build.0 = Release|Any CPU
		{B0732AD6-AC7A-4980-817E-432631963939}.Debug|Any CPU.ActiveCfg = Debug|Any CPU
		{B0732AD6-AC7A-4980-817E-432631963939}.Debug|Any CPU.Build.0 = Debug|Any CPU
		{B0732AD6-AC7A-4980-817E-432631963939}.Release|Any CPU.ActiveCfg = Release|Any CPU
		{B0732AD6-AC7A-4980-817E-432631963939}.Release|Any CPU.Build.0 = Release|Any CPU
		{83F7A809-4954-4266-9F3E-F714FA5BB442}.Debug|Any CPU.ActiveCfg = Debug|Any CPU
		{83F7A809-4954-4266-9F3E-F714FA5BB442}.Debug|Any CPU.Build.0 = Debug|Any CPU
		{83F7A809-4954-4266-9F3E-F714FA5BB442}.Release|Any CPU.ActiveCfg = Release|Any CPU
		{83F7A809-4954-4266-9F3E-F714FA5BB442}.Release|Any CPU.Build.0 = Release|Any CPU
	EndGlobalSection
	GlobalSection(SolutionProperties) = preSolution
		HideSolutionNode = FALSE
	EndGlobalSection
	GlobalSection(NestedProjects) = preSolution
		{166646D7-8172-4011-9CB0-385C6A6D7FFB} = {90773F13-0B25-4A2E-AE31-2126633FD461}
		{05FCDE91-E15A-4867-AA0E-FC7E8414B2D2} = {90773F13-0B25-4A2E-AE31-2126633FD461}
		{9164967B-B835-44B7-A6DF-18D87CC98DAE} = {50D06539-7CA3-42D5-8950-130B9148C615}
		{0B830C09-CCD2-4CC3-A743-FC5F7FA46082} = {50D06539-7CA3-42D5-8950-130B9148C615}
		{83F7A809-4954-4266-9F3E-F714FA5BB442} = {FE39E15A-4675-4C9E-A8DB-219BD03FE0FD}
	EndGlobalSection
EndGlobal
